// !$*UTF8*$!
{
	archiveVersion = 1;
	classes = {
	};
	objectVersion = 46;
	objects = {

/* Begin PBXBuildFile section */
		554B134F1D83125E00148868 /* cities_list.json in Resources */ = {isa = PBXBuildFile; fileRef = 554B134E1D83125E00148868 /* cities_list.json */; };
		554D0E7B1D80889400719CA7 /* AppDelegate.swift in Sources */ = {isa = PBXBuildFile; fileRef = 554D0E7A1D80889400719CA7 /* AppDelegate.swift */; };
		554D0E7D1D80889400719CA7 /* ViewController.swift in Sources */ = {isa = PBXBuildFile; fileRef = 554D0E7C1D80889400719CA7 /* ViewController.swift */; };
		554D0E801D80889500719CA7 /* Main.storyboard in Resources */ = {isa = PBXBuildFile; fileRef = 554D0E7E1D80889500719CA7 /* Main.storyboard */; };
		554D0E821D80889500719CA7 /* Assets.xcassets in Resources */ = {isa = PBXBuildFile; fileRef = 554D0E811D80889500719CA7 /* Assets.xcassets */; };
		554D0E851D80889500719CA7 /* LaunchScreen.storyboard in Resources */ = {isa = PBXBuildFile; fileRef = 554D0E831D80889500719CA7 /* LaunchScreen.storyboard */; };
		554D0E901D80889500719CA7 /* RainyTodayTests.swift in Sources */ = {isa = PBXBuildFile; fileRef = 554D0E8F1D80889500719CA7 /* RainyTodayTests.swift */; };
		554D0E9B1D80889500719CA7 /* RainyTodayUITests.swift in Sources */ = {isa = PBXBuildFile; fileRef = 554D0E9A1D80889500719CA7 /* RainyTodayUITests.swift */; };
		554D0EA91D8089A800719CA7 /* WeatherRetriever.swift in Sources */ = {isa = PBXBuildFile; fileRef = 554D0EA81D8089A800719CA7 /* WeatherRetriever.swift */; };
/* End PBXBuildFile section */

/* Begin PBXContainerItemProxy section */
		554D0E8C1D80889500719CA7 /* PBXContainerItemProxy */ = {
			isa = PBXContainerItemProxy;
			containerPortal = 554D0E6F1D80889400719CA7 /* Project object */;
			proxyType = 1;
			remoteGlobalIDString = 554D0E761D80889400719CA7;
			remoteInfo = RainyToday;
		};
		554D0E971D80889500719CA7 /* PBXContainerItemProxy */ = {
			isa = PBXContainerItemProxy;
			containerPortal = 554D0E6F1D80889400719CA7 /* Project object */;
			proxyType = 1;
			remoteGlobalIDString = 554D0E761D80889400719CA7;
			remoteInfo = RainyToday;
		};
/* End PBXContainerItemProxy section */

/* Begin PBXFileReference section */
		554B134E1D83125E00148868 /* cities_list.json */ = {isa = PBXFileReference; fileEncoding = 4; lastKnownFileType = text.json; name = cities_list.json; path = Assets.xcassets/cities_list.dataset/cities_list.json; sourceTree = "<group>"; };
		554D0E771D80889400719CA7 /* RainyToday.app */ = {isa = PBXFileReference; explicitFileType = wrapper.application; includeInIndex = 0; path = RainyToday.app; sourceTree = BUILT_PRODUCTS_DIR; };
		554D0E7A1D80889400719CA7 /* AppDelegate.swift */ = {isa = PBXFileReference; lastKnownFileType = sourcecode.swift; path = AppDelegate.swift; sourceTree = "<group>"; };
		554D0E7C1D80889400719CA7 /* ViewController.swift */ = {isa = PBXFileReference; lastKnownFileType = sourcecode.swift; path = ViewController.swift; sourceTree = "<group>"; };
		554D0E7F1D80889500719CA7 /* Base */ = {isa = PBXFileReference; lastKnownFileType = file.storyboard; name = Base; path = Base.lproj/Main.storyboard; sourceTree = "<group>"; };
		554D0E811D80889500719CA7 /* Assets.xcassets */ = {isa = PBXFileReference; lastKnownFileType = folder.assetcatalog; path = Assets.xcassets; sourceTree = "<group>"; };
		554D0E841D80889500719CA7 /* Base */ = {isa = PBXFileReference; lastKnownFileType = file.storyboard; name = Base; path = Base.lproj/LaunchScreen.storyboard; sourceTree = "<group>"; };
		554D0E861D80889500719CA7 /* Info.plist */ = {isa = PBXFileReference; lastKnownFileType = text.plist.xml; path = Info.plist; sourceTree = "<group>"; };
		554D0E8B1D80889500719CA7 /* RainyTodayTests.xctest */ = {isa = PBXFileReference; explicitFileType = wrapper.cfbundle; includeInIndex = 0; path = RainyTodayTests.xctest; sourceTree = BUILT_PRODUCTS_DIR; };
		554D0E8F1D80889500719CA7 /* RainyTodayTests.swift */ = {isa = PBXFileReference; lastKnownFileType = sourcecode.swift; path = RainyTodayTests.swift; sourceTree = "<group>"; };
		554D0E911D80889500719CA7 /* Info.plist */ = {isa = PBXFileReference; lastKnownFileType = text.plist.xml; path = Info.plist; sourceTree = "<group>"; };
		554D0E961D80889500719CA7 /* RainyTodayUITests.xctest */ = {isa = PBXFileReference; explicitFileType = wrapper.cfbundle; includeInIndex = 0; path = RainyTodayUITests.xctest; sourceTree = BUILT_PRODUCTS_DIR; };
		554D0E9A1D80889500719CA7 /* RainyTodayUITests.swift */ = {isa = PBXFileReference; lastKnownFileType = sourcecode.swift; path = RainyTodayUITests.swift; sourceTree = "<group>"; };
		554D0E9C1D80889500719CA7 /* Info.plist */ = {isa = PBXFileReference; lastKnownFileType = text.plist.xml; path = Info.plist; sourceTree = "<group>"; };
		554D0EA81D8089A800719CA7 /* WeatherRetriever.swift */ = {isa = PBXFileReference; fileEncoding = 4; lastKnownFileType = sourcecode.swift; path = WeatherRetriever.swift; sourceTree = "<group>"; };
/* End PBXFileReference section */

/* Begin PBXFrameworksBuildPhase section */
		554D0E741D80889400719CA7 /* Frameworks */ = {
			isa = PBXFrameworksBuildPhase;
			buildActionMask = 2147483647;
			files = (
			);
			runOnlyForDeploymentPostprocessing = 0;
		};
		554D0E881D80889500719CA7 /* Frameworks */ = {
			isa = PBXFrameworksBuildPhase;
			buildActionMask = 2147483647;
			files = (
			);
			runOnlyForDeploymentPostprocessing = 0;
		};
		554D0E931D80889500719CA7 /* Frameworks */ = {
			isa = PBXFrameworksBuildPhase;
			buildActionMask = 2147483647;
			files = (
			);
			runOnlyForDeploymentPostprocessing = 0;
		};
/* End PBXFrameworksBuildPhase section */

/* Begin PBXGroup section */
		554D0E6E1D80889400719CA7 = {
			isa = PBXGroup;
			children = (
				554D0E791D80889400719CA7 /* RainyToday */,
				554D0E8E1D80889500719CA7 /* RainyTodayTests */,
				554D0E991D80889500719CA7 /* RainyTodayUITests */,
				554D0E781D80889400719CA7 /* Products */,
			);
			sourceTree = "<group>";
		};
		554D0E781D80889400719CA7 /* Products */ = {
			isa = PBXGroup;
			children = (
				554D0E771D80889400719CA7 /* RainyToday.app */,
				554D0E8B1D80889500719CA7 /* RainyTodayTests.xctest */,
				554D0E961D80889500719CA7 /* RainyTodayUITests.xctest */,
			);
			name = Products;
			sourceTree = "<group>";
		};
		554D0E791D80889400719CA7 /* RainyToday */ = {
			isa = PBXGroup;
			children = (
				554B134E1D83125E00148868 /* cities_list.json */,
				554D0E7A1D80889400719CA7 /* AppDelegate.swift */,
				554D0E7C1D80889400719CA7 /* ViewController.swift */,
				554D0EA81D8089A800719CA7 /* WeatherRetriever.swift */,
				554D0E7E1D80889500719CA7 /* Main.storyboard */,
				554D0E811D80889500719CA7 /* Assets.xcassets */,
				554D0E831D80889500719CA7 /* LaunchScreen.storyboard */,
				554D0E861D80889500719CA7 /* Info.plist */,
			);
			path = RainyToday;
			sourceTree = "<group>";
		};
		554D0E8E1D80889500719CA7 /* RainyTodayTests */ = {
			isa = PBXGroup;
			children = (
				554D0E8F1D80889500719CA7 /* RainyTodayTests.swift */,
				554D0E911D80889500719CA7 /* Info.plist */,
			);
			path = RainyTodayTests;
			sourceTree = "<group>";
		};
		554D0E991D80889500719CA7 /* RainyTodayUITests */ = {
			isa = PBXGroup;
			children = (
				554D0E9A1D80889500719CA7 /* RainyTodayUITests.swift */,
				554D0E9C1D80889500719CA7 /* Info.plist */,
			);
			path = RainyTodayUITests;
			sourceTree = "<group>";
		};
/* End PBXGroup section */

/* Begin PBXNativeTarget section */
		554D0E761D80889400719CA7 /* RainyToday */ = {
			isa = PBXNativeTarget;
			buildConfigurationList = 554D0E9F1D80889500719CA7 /* Build configuration list for PBXNativeTarget "RainyToday" */;
			buildPhases = (
				554D0E731D80889400719CA7 /* Sources */,
				554D0E741D80889400719CA7 /* Frameworks */,
				554D0E751D80889400719CA7 /* Resources */,
			);
			buildRules = (
			);
			dependencies = (
			);
			name = RainyToday;
			productName = RainyToday;
			productReference = 554D0E771D80889400719CA7 /* RainyToday.app */;
			productType = "com.apple.product-type.application";
		};
		554D0E8A1D80889500719CA7 /* RainyTodayTests */ = {
			isa = PBXNativeTarget;
			buildConfigurationList = 554D0EA21D80889500719CA7 /* Build configuration list for PBXNativeTarget "RainyTodayTests" */;
			buildPhases = (
				554D0E871D80889500719CA7 /* Sources */,
				554D0E881D80889500719CA7 /* Frameworks */,
				554D0E891D80889500719CA7 /* Resources */,
			);
			buildRules = (
			);
			dependencies = (
				554D0E8D1D80889500719CA7 /* PBXTargetDependency */,
			);
			name = RainyTodayTests;
			productName = RainyTodayTests;
			productReference = 554D0E8B1D80889500719CA7 /* RainyTodayTests.xctest */;
			productType = "com.apple.product-type.bundle.unit-test";
		};
		554D0E951D80889500719CA7 /* RainyTodayUITests */ = {
			isa = PBXNativeTarget;
			buildConfigurationList = 554D0EA51D80889500719CA7 /* Build configuration list for PBXNativeTarget "RainyTodayUITests" */;
			buildPhases = (
				554D0E921D80889500719CA7 /* Sources */,
				554D0E931D80889500719CA7 /* Frameworks */,
				554D0E941D80889500719CA7 /* Resources */,
			);
			buildRules = (
			);
			dependencies = (
				554D0E981D80889500719CA7 /* PBXTargetDependency */,
			);
			name = RainyTodayUITests;
			productName = RainyTodayUITests;
			productReference = 554D0E961D80889500719CA7 /* RainyTodayUITests.xctest */;
			productType = "com.apple.product-type.bundle.ui-testing";
		};
/* End PBXNativeTarget section */

/* Begin PBXProject section */
		554D0E6F1D80889400719CA7 /* Project object */ = {
			isa = PBXProject;
			attributes = {
				LastSwiftUpdateCheck = 0730;
				LastUpgradeCheck = 0730;
				ORGANIZATIONNAME = "Tener ArteneR";
				TargetAttributes = {
					554D0E761D80889400719CA7 = {
						CreatedOnToolsVersion = 7.3.1;
						DevelopmentTeam = QR865432MA;
					};
					554D0E8A1D80889500719CA7 = {
						CreatedOnToolsVersion = 7.3.1;
						DevelopmentTeam = QR865432MA;
						TestTargetID = 554D0E761D80889400719CA7;
					};
					554D0E951D80889500719CA7 = {
						CreatedOnToolsVersion = 7.3.1;
						DevelopmentTeam = QR865432MA;
						TestTargetID = 554D0E761D80889400719CA7;
					};
				};
			};
			buildConfigurationList = 554D0E721D80889400719CA7 /* Build configuration list for PBXProject "RainyToday" */;
			compatibilityVersion = "Xcode 3.2";
			developmentRegion = English;
			hasScannedForEncodings = 0;
			knownRegions = (
				en,
				Base,
			);
			mainGroup = 554D0E6E1D80889400719CA7;
			productRefGroup = 554D0E781D80889400719CA7 /* Products */;
			projectDirPath = "";
			projectRoot = "";
			targets = (
				554D0E761D80889400719CA7 /* RainyToday */,
				554D0E8A1D80889500719CA7 /* RainyTodayTests */,
				554D0E951D80889500719CA7 /* RainyTodayUITests */,
			);
		};
/* End PBXProject section */

/* Begin PBXResourcesBuildPhase section */
		554D0E751D80889400719CA7 /* Resources */ = {
			isa = PBXResourcesBuildPhase;
			buildActionMask = 2147483647;
			files = (
				554B134F1D83125E00148868 /* cities_list.json in Resources */,
				554D0E851D80889500719CA7 /* LaunchScreen.storyboard in Resources */,
				554D0E821D80889500719CA7 /* Assets.xcassets in Resources */,
				554D0E801D80889500719CA7 /* Main.storyboard in Resources */,
			);
			runOnlyForDeploymentPostprocessing = 0;
		};
		554D0E891D80889500719CA7 /* Resources */ = {
			isa = PBXResourcesBuildPhase;
			buildActionMask = 2147483647;
			files = (
			);
			runOnlyForDeploymentPostprocessing = 0;
		};
		554D0E941D80889500719CA7 /* Resources */ = {
			isa = PBXResourcesBuildPhase;
			buildActionMask = 2147483647;
			files = (
			);
			runOnlyForDeploymentPostprocessing = 0;
		};
/* End PBXResourcesBuildPhase section */

/* Begin PBXSourcesBuildPhase section */
		554D0E731D80889400719CA7 /* Sources */ = {
			isa = PBXSourcesBuildPhase;
			buildActionMask = 2147483647;
			files = (
				554D0EA91D8089A800719CA7 /* WeatherRetriever.swift in Sources */,
				554D0E7D1D80889400719CA7 /* ViewController.swift in Sources */,
				554D0E7B1D80889400719CA7 /* AppDelegate.swift in Sources */,
			);
			runOnlyForDeploymentPostprocessing = 0;
		};
		554D0E871D80889500719CA7 /* Sources */ = {
			isa = PBXSourcesBuildPhase;
			buildActionMask = 2147483647;
			files = (
				554D0E901D80889500719CA7 /* RainyTodayTests.swift in Sources */,
			);
			runOnlyForDeploymentPostprocessing = 0;
		};
		554D0E921D80889500719CA7 /* Sources */ = {
			isa = PBXSourcesBuildPhase;
			buildActionMask = 2147483647;
			files = (
				554D0E9B1D80889500719CA7 /* RainyTodayUITests.swift in Sources */,
			);
			runOnlyForDeploymentPostprocessing = 0;
		};
/* End PBXSourcesBuildPhase section */

/* Begin PBXTargetDependency section */
		554D0E8D1D80889500719CA7 /* PBXTargetDependency */ = {
			isa = PBXTargetDependency;
			target = 554D0E761D80889400719CA7 /* RainyToday */;
			targetProxy = 554D0E8C1D80889500719CA7 /* PBXContainerItemProxy */;
		};
		554D0E981D80889500719CA7 /* PBXTargetDependency */ = {
			isa = PBXTargetDependency;
			target = 554D0E761D80889400719CA7 /* RainyToday */;
			targetProxy = 554D0E971D80889500719CA7 /* PBXContainerItemProxy */;
		};
/* End PBXTargetDependency section */

/* Begin PBXVariantGroup section */
		554D0E7E1D80889500719CA7 /* Main.storyboard */ = {
			isa = PBXVariantGroup;
			children = (
				554D0E7F1D80889500719CA7 /* Base */,
			);
			name = Main.storyboard;
			sourceTree = "<group>";
		};
		554D0E831D80889500719CA7 /* LaunchScreen.storyboard */ = {
			isa = PBXVariantGroup;
			children = (
				554D0E841D80889500719CA7 /* Base */,
			);
			name = LaunchScreen.storyboard;
			sourceTree = "<group>";
		};
/* End PBXVariantGroup section */

/* Begin XCBuildConfiguration section */
		554D0E9D1D80889500719CA7 /* Debug */ = {
			isa = XCBuildConfiguration;
			buildSettings = {
				ALWAYS_SEARCH_USER_PATHS = NO;
				CLANG_ANALYZER_NONNULL = YES;
				CLANG_CXX_LANGUAGE_STANDARD = "gnu++0x";
				CLANG_CXX_LIBRARY = "libc++";
				CLANG_ENABLE_MODULES = YES;
				CLANG_ENABLE_OBJC_ARC = YES;
				CLANG_WARN_BOOL_CONVERSION = YES;
				CLANG_WARN_CONSTANT_CONVERSION = YES;
				CLANG_WARN_DIRECT_OBJC_ISA_USAGE = YES_ERROR;
				CLANG_WARN_EMPTY_BODY = YES;
				CLANG_WARN_ENUM_CONVERSION = YES;
				CLANG_WARN_INT_CONVERSION = YES;
				CLANG_WARN_OBJC_ROOT_CLASS = YES_ERROR;
				CLANG_WARN_UNREACHABLE_CODE = YES;
				CLANG_WARN__DUPLICATE_METHOD_MATCH = YES;
				"CODE_SIGN_IDENTITY[sdk=iphoneos*]" = "iPhone Developer";
				COPY_PHASE_STRIP = NO;
				DEBUG_INFORMATION_FORMAT = dwarf;
				ENABLE_STRICT_OBJC_MSGSEND = YES;
				ENABLE_TESTABILITY = YES;
				GCC_C_LANGUAGE_STANDARD = gnu99;
				GCC_DYNAMIC_NO_PIC = NO;
				GCC_NO_COMMON_BLOCKS = YES;
				GCC_OPTIMIZATION_LEVEL = 0;
				GCC_PREPROCESSOR_DEFINITIONS = (
					"DEBUG=1",
					"$(inherited)",
				);
				GCC_WARN_64_TO_32_BIT_CONVERSION = YES;
				GCC_WARN_ABOUT_RETURN_TYPE = YES_ERROR;
				GCC_WARN_UNDECLARED_SELECTOR = YES;
				GCC_WARN_UNINITIALIZED_AUTOS = YES_AGGRESSIVE;
				GCC_WARN_UNUSED_FUNCTION = YES;
				GCC_WARN_UNUSED_VARIABLE = YES;
				IPHONEOS_DEPLOYMENT_TARGET = 9.3;
				MTL_ENABLE_DEBUG_INFO = YES;
				ONLY_ACTIVE_ARCH = YES;
				SDKROOT = iphoneos;
				SWIFT_OPTIMIZATION_LEVEL = "-Onone";
			};
			name = Debug;
		};
		554D0E9E1D80889500719CA7 /* Release */ = {
			isa = XCBuildConfiguration;
			buildSettings = {
				ALWAYS_SEARCH_USER_PATHS = NO;
				CLANG_ANALYZER_NONNULL = YES;
				CLANG_CXX_LANGUAGE_STANDARD = "gnu++0x";
				CLANG_CXX_LIBRARY = "libc++";
				CLANG_ENABLE_MODULES = YES;
				CLANG_ENABLE_OBJC_ARC = YES;
				CLANG_WARN_BOOL_CONVERSION = YES;
				CLANG_WARN_CONSTANT_CONVERSION = YES;
				CLANG_WARN_DIRECT_OBJC_ISA_USAGE = YES_ERROR;
				CLANG_WARN_EMPTY_BODY = YES;
				CLANG_WARN_ENUM_CONVERSION = YES;
				CLANG_WARN_INT_CONVERSION = YES;
				CLANG_WARN_OBJC_ROOT_CLASS = YES_ERROR;
				CLANG_WARN_UNREACHABLE_CODE = YES;
				CLANG_WARN__DUPLICATE_METHOD_MATCH = YES;
				"CODE_SIGN_IDENTITY[sdk=iphoneos*]" = "iPhone Developer";
				COPY_PHASE_STRIP = NO;
				DEBUG_INFORMATION_FORMAT = "dwarf-with-dsym";
				ENABLE_NS_ASSERTIONS = NO;
				ENABLE_STRICT_OBJC_MSGSEND = YES;
				GCC_C_LANGUAGE_STANDARD = gnu99;
				GCC_NO_COMMON_BLOCKS = YES;
				GCC_WARN_64_TO_32_BIT_CONVERSION = YES;
				GCC_WARN_ABOUT_RETURN_TYPE = YES_ERROR;
				GCC_WARN_UNDECLARED_SELECTOR = YES;
				GCC_WARN_UNINITIALIZED_AUTOS = YES_AGGRESSIVE;
				GCC_WARN_UNUSED_FUNCTION = YES;
				GCC_WARN_UNUSED_VARIABLE = YES;
				IPHONEOS_DEPLOYMENT_TARGET = 9.3;
				MTL_ENABLE_DEBUG_INFO = NO;
				SDKROOT = iphoneos;
				VALIDATE_PRODUCT = YES;
			};
			name = Release;
		};
		554D0EA01D80889500719CA7 /* Debug */ = {
			isa = XCBuildConfiguration;
			buildSettings = {
				ASSETCATALOG_COMPILER_APPICON_NAME = AppIcon;
				INFOPLIST_FILE = RainyToday/Info.plist;
				LD_RUNPATH_SEARCH_PATHS = "$(inherited) @executable_path/Frameworks";
				PRODUCT_BUNDLE_IDENTIFIER = com.artener.RainyToday;
				PRODUCT_NAME = "$(TARGET_NAME)";
			};
			name = Debug;
		};
		554D0EA11D80889500719CA7 /* Release */ = {
			isa = XCBuildConfiguration;
			buildSettings = {
				ASSETCATALOG_COMPILER_APPICON_NAME = AppIcon;
				INFOPLIST_FILE = RainyToday/Info.plist;
				LD_RUNPATH_SEARCH_PATHS = "$(inherited) @executable_path/Frameworks";
				PRODUCT_BUNDLE_IDENTIFIER = com.artener.RainyToday;
				PRODUCT_NAME = "$(TARGET_NAME)";
			};
			name = Release;
		};
		554D0EA31D80889500719CA7 /* Debug */ = {
			isa = XCBuildConfiguration;
			buildSettings = {
				BUNDLE_LOADER = "$(TEST_HOST)";
				INFOPLIST_FILE = RainyTodayTests/Info.plist;
				LD_RUNPATH_SEARCH_PATHS = "$(inherited) @executable_path/Frameworks @loader_path/Frameworks";
				PRODUCT_BUNDLE_IDENTIFIER = com.artener.RainyTodayTests;
				PRODUCT_NAME = "$(TARGET_NAME)";
				TEST_HOST = "$(BUILT_PRODUCTS_DIR)/RainyToday.app/RainyToday";
			};
			name = Debug;
		};
		554D0EA41D80889500719CA7 /* Release */ = {
			isa = XCBuildConfiguration;
			buildSettings = {
				BUNDLE_LOADER = "$(TEST_HOST)";
				INFOPLIST_FILE = RainyTodayTests/Info.plist;
				LD_RUNPATH_SEARCH_PATHS = "$(inherited) @executable_path/Frameworks @loader_path/Frameworks";
				PRODUCT_BUNDLE_IDENTIFIER = com.artener.RainyTodayTests;
				PRODUCT_NAME = "$(TARGET_NAME)";
				TEST_HOST = "$(BUILT_PRODUCTS_DIR)/RainyToday.app/RainyToday";
			};
			name = Release;
		};
		554D0EA61D80889500719CA7 /* Debug */ = {
			isa = XCBuildConfiguration;
			buildSettings = {
				INFOPLIST_FILE = RainyTodayUITests/Info.plist;
				LD_RUNPATH_SEARCH_PATHS = "$(inherited) @executable_path/Frameworks @loader_path/Frameworks";
				PRODUCT_BUNDLE_IDENTIFIER = com.artener.RainyTodayUITests;
				PRODUCT_NAME = "$(TARGET_NAME)";
				TEST_TARGET_NAME = RainyToday;
			};
			name = Debug;
		};
		554D0EA71D80889500719CA7 /* Release */ = {
			isa = XCBuildConfiguration;
			buildSettings = {
				INFOPLIST_FILE = RainyTodayUITests/Info.plist;
				LD_RUNPATH_SEARCH_PATHS = "$(inherited) @executable_path/Frameworks @loader_path/Frameworks";
				PRODUCT_BUNDLE_IDENTIFIER = com.artener.RainyTodayUITests;
				PRODUCT_NAME = "$(TARGET_NAME)";
				TEST_TARGET_NAME = RainyToday;
			};
			name = Release;
		};
/* End XCBuildConfiguration section */

/* Begin XCConfigurationList section */
		554D0E721D80889400719CA7 /* Build configuration list for PBXProject "RainyToday" */ = {
			isa = XCConfigurationList;
			buildConfigurations = (
				554D0E9D1D80889500719CA7 /* Debug */,
				554D0E9E1D80889500719CA7 /* Release */,
			);
			defaultConfigurationIsVisible = 0;
			defaultConfigurationName = Release;
		};
		554D0E9F1D80889500719CA7 /* Build configuration list for PBXNativeTarget "RainyToday" */ = {
			isa = XCConfigurationList;
			buildConfigurations = (
				554D0EA01D80889500719CA7 /* Debug */,
				554D0EA11D80889500719CA7 /* Release */,
			);
			defaultConfigurationIsVisible = 0;
			defaultConfigurationName = Release;
		};
		554D0EA21D80889500719CA7 /* Build configuration list for PBXNativeTarget "RainyTodayTests" */ = {
			isa = XCConfigurationList;
			buildConfigurations = (
				554D0EA31D80889500719CA7 /* Debug */,
				554D0EA41D80889500719CA7 /* Release */,
			);
			defaultConfigurationIsVisible = 0;
			defaultConfigurationName = Release;
		};
		554D0EA51D80889500719CA7 /* Build configuration list for PBXNativeTarget "RainyTodayUITests" */ = {
			isa = XCConfigurationList;
			buildConfigurations = (
				554D0EA61D80889500719CA7 /* Debug */,
				554D0EA71D80889500719CA7 /* Release */,
			);
			defaultConfigurationIsVisible = 0;
			defaultConfigurationName = Release;
		};
/* End XCConfigurationList section */
	};
	rootObject = 554D0E6F1D80889400719CA7 /* Project object */;
}
